// !$*UTF8*$!
{
	archiveVersion = 1;
	classes = {
	};
	objectVersion = 51;
	objects = {

/* Begin PBXBuildFile section */
		28A29BC4FAF0EDDA1B158EFF /* Pods_travelme.framework in Frameworks */ = {isa = PBXBuildFile; fileRef = 95E78355747FCFC48ACD050B /* Pods_travelme.framework */; };
		329A6C54A870CE7BA6092E7F /* Pods_travelme_travelmeUITests.framework in Frameworks */ = {isa = PBXBuildFile; fileRef = DFAEC79B0D10BD5C1F0994CC /* Pods_travelme_travelmeUITests.framework */; };
		3EB9A38219E4A266373E1B37 /* Pods_travelmeTests.framework in Frameworks */ = {isa = PBXBuildFile; fileRef = 84F3655FC8747C19A14FD9CF /* Pods_travelmeTests.framework */; };
		4318B2EC25B5327C001B8B9E /* SignupViewController.swift in Sources */ = {isa = PBXBuildFile; fileRef = 4318B2EB25B5327C001B8B9E /* SignupViewController.swift */; };
		4318B2F225B53F87001B8B9E /* FirebaseAuthManager.swift in Sources */ = {isa = PBXBuildFile; fileRef = 4318B2F125B53F87001B8B9E /* FirebaseAuthManager.swift */; };
		4318B30125B58D0C001B8B9E /* CustomTextField.swift in Sources */ = {isa = PBXBuildFile; fileRef = 4318B30025B58D0C001B8B9E /* CustomTextField.swift */; };
		4318B39125B5E33C001B8B9E /* Validation.swift in Sources */ = {isa = PBXBuildFile; fileRef = 4318B39025B5E33C001B8B9E /* Validation.swift */; };
		432B972A25B96CD000CD4CCC /* CustomMDCOutlineTextField.swift in Sources */ = {isa = PBXBuildFile; fileRef = 432B972925B96CD000CD4CCC /* CustomMDCOutlineTextField.swift */; };
		432B97EE25B9967A00CD4CCC /* WhisperNotification.swift in Sources */ = {isa = PBXBuildFile; fileRef = 432B97ED25B9967A00CD4CCC /* WhisperNotification.swift */; };
		432B984025BAB2C400CD4CCC /* HomeViewController.swift in Sources */ = {isa = PBXBuildFile; fileRef = 432B983F25BAB2C400CD4CCC /* HomeViewController.swift */; };
		432B984525BAB85500CD4CCC /* WelcomeViewController.swift in Sources */ = {isa = PBXBuildFile; fileRef = 432B984425BAB85500CD4CCC /* WelcomeViewController.swift */; };
		432B987A25BBF8CA00CD4CCC /* User.swift in Sources */ = {isa = PBXBuildFile; fileRef = 432B987925BBF8CA00CD4CCC /* User.swift */; };
		432B988B25BD8C0800CD4CCC /* MapViewController.swift in Sources */ = {isa = PBXBuildFile; fileRef = 432B988A25BD8C0800CD4CCC /* MapViewController.swift */; };
		4332CBBB25BE635200C730E5 /* MainTabBarController.swift in Sources */ = {isa = PBXBuildFile; fileRef = 4332CBBA25BE635200C730E5 /* MainTabBarController.swift */; };
		4332CBC325BE68D200C730E5 /* AddVC.swift in Sources */ = {isa = PBXBuildFile; fileRef = 4332CBC225BE68D200C730E5 /* AddVC.swift */; };
		4332CBC925BEA73100C730E5 /* UIViewExt.swift in Sources */ = {isa = PBXBuildFile; fileRef = 4332CBC825BEA73100C730E5 /* UIViewExt.swift */; };
		4332CC8725C1579500C730E5 /* PostRepository.swift in Sources */ = {isa = PBXBuildFile; fileRef = 4332CC8625C1579500C730E5 /* PostRepository.swift */; };
		4332CC8C25C159AA00C730E5 /* Post.swift in Sources */ = {isa = PBXBuildFile; fileRef = 4332CC8B25C159AA00C730E5 /* Post.swift */; };
		4332CCBC25C1747A00C730E5 /* GoogleService-Info.plist in Resources */ = {isa = PBXBuildFile; fileRef = 4332CCBB25C1747A00C730E5 /* GoogleService-Info.plist */; };
		4332CCF825C2739F00C730E5 /* UserRepository.swift in Sources */ = {isa = PBXBuildFile; fileRef = 4332CCF725C2739F00C730E5 /* UserRepository.swift */; };
		4332CD7725C6AD6100C730E5 /* ProfileViewController.swift in Sources */ = {isa = PBXBuildFile; fileRef = 4332CD7625C6AD6000C730E5 /* ProfileViewController.swift */; };
		4332CD7C25C6C0BD00C730E5 /* ProfileHeader.swift in Sources */ = {isa = PBXBuildFile; fileRef = 4332CD7B25C6C0BD00C730E5 /* ProfileHeader.swift */; };
		4332CD8125C6C24700C730E5 /* CustomImageView.swift in Sources */ = {isa = PBXBuildFile; fileRef = 4332CD8025C6C24700C730E5 /* CustomImageView.swift */; };
		4332CD8D25C7A95A00C730E5 /* ProfileEmptyStateCell.swift in Sources */ = {isa = PBXBuildFile; fileRef = 4332CD8C25C7A95900C730E5 /* ProfileEmptyStateCell.swift */; };
		4332CD9825C7E55700C730E5 /* HomePostCellHeader.swift in Sources */ = {isa = PBXBuildFile; fileRef = 4332CD9725C7E55700C730E5 /* HomePostCellHeader.swift */; };
		4332CD9D25C7F03900C730E5 /* HomePostCollectionViewCell.swift in Sources */ = {isa = PBXBuildFile; fileRef = 4332CD9C25C7F03900C730E5 /* HomePostCollectionViewCell.swift */; };
		4332CDAB25C9A86300C730E5 /* NotificationExt.swift in Sources */ = {isa = PBXBuildFile; fileRef = 4332CDAA25C9A86100C730E5 /* NotificationExt.swift */; };
		4332CDB025C9A87400C730E5 /* DateTimeExt.swift in Sources */ = {isa = PBXBuildFile; fileRef = 4332CDAF25C9A87400C730E5 /* DateTimeExt.swift */; };
		4332CDE725CAA5A500C730E5 /* BottomSheetViewController.swift in Sources */ = {isa = PBXBuildFile; fileRef = 4332CDE525CAA5A500C730E5 /* BottomSheetViewController.swift */; };
		4332CDE825CAA5A500C730E5 /* BottomSheetViewController.xib in Resources */ = {isa = PBXBuildFile; fileRef = 4332CDE625CAA5A500C730E5 /* BottomSheetViewController.xib */; };
		4332CE1A25CBF9E800C730E5 /* MapClusterRenderer.swift in Sources */ = {isa = PBXBuildFile; fileRef = 4332CE1925CBF9E700C730E5 /* MapClusterRenderer.swift */; };
		4332CE2225CBFCEC00C730E5 /* PostOnMap.swift in Sources */ = {isa = PBXBuildFile; fileRef = 4332CE2125CBFCEC00C730E5 /* PostOnMap.swift */; };
		4332CE2725CC002C00C730E5 /* PostClusterItem.swift in Sources */ = {isa = PBXBuildFile; fileRef = 4332CE2625CC002C00C730E5 /* PostClusterItem.swift */; };
		4332CE2D25CD25F500C730E5 /* CustomMarkerView.swift in Sources */ = {isa = PBXBuildFile; fileRef = 4332CE2C25CD25F300C730E5 /* CustomMarkerView.swift */; };
		435444A225D2417B00144BAE /* LocationUtils.swift in Sources */ = {isa = PBXBuildFile; fileRef = 435444A125D2417B00144BAE /* LocationUtils.swift */; };
		4356591325D80E3C007C0848 /* Toast.swift in Sources */ = {isa = PBXBuildFile; fileRef = 4356591225D80E3C007C0848 /* Toast.swift */; };
		438B328025D396AC00891B84 /* NumberExt.swift in Sources */ = {isa = PBXBuildFile; fileRef = 438B327F25D396AC00891B84 /* NumberExt.swift */; };
		438C532925B3F5300092BE5B /* AppDelegate.swift in Sources */ = {isa = PBXBuildFile; fileRef = 438C532825B3F5300092BE5B /* AppDelegate.swift */; };
		438C532B25B3F5300092BE5B /* SceneDelegate.swift in Sources */ = {isa = PBXBuildFile; fileRef = 438C532A25B3F5300092BE5B /* SceneDelegate.swift */; };
		438C532D25B3F5300092BE5B /* LoginController.swift in Sources */ = {isa = PBXBuildFile; fileRef = 438C532C25B3F5300092BE5B /* LoginController.swift */; };
		438C533025B3F5300092BE5B /* Main.storyboard in Resources */ = {isa = PBXBuildFile; fileRef = 438C532E25B3F5300092BE5B /* Main.storyboard */; };
		438C533225B3F5330092BE5B /* Assets.xcassets in Resources */ = {isa = PBXBuildFile; fileRef = 438C533125B3F5330092BE5B /* Assets.xcassets */; };
		438C534025B3F5330092BE5B /* travelmeTests.swift in Sources */ = {isa = PBXBuildFile; fileRef = 438C533F25B3F5330092BE5B /* travelmeTests.swift */; };
		438C534B25B3F5330092BE5B /* travelmeUITests.swift in Sources */ = {isa = PBXBuildFile; fileRef = 438C534A25B3F5330092BE5B /* travelmeUITests.swift */; };
		438DC11225B8420F00FF52D9 /* AbstractViewController.swift in Sources */ = {isa = PBXBuildFile; fileRef = 438DC11125B8420E00FF52D9 /* AbstractViewController.swift */; };
		43ADF13925B437B100192D11 /* Localizable.strings in Resources */ = {isa = PBXBuildFile; fileRef = 43ADF13B25B437B100192D11 /* Localizable.strings */; };
		43ADF14925B439C000192D11 /* StringUtils.swift in Sources */ = {isa = PBXBuildFile; fileRef = 43ADF14825B439C000192D11 /* StringUtils.swift */; };
		43FDB09A25D97B2D00CDEC30 /* AbstractCollectionVC.swift in Sources */ = {isa = PBXBuildFile; fileRef = 43FDB09925D97B2D00CDEC30 /* AbstractCollectionVC.swift */; };
/* End PBXBuildFile section */

/* Begin PBXContainerItemProxy section */
		438C533C25B3F5330092BE5B /* PBXContainerItemProxy */ = {
			isa = PBXContainerItemProxy;
			containerPortal = 438C531D25B3F5300092BE5B /* Project object */;
			proxyType = 1;
			remoteGlobalIDString = 438C532425B3F5300092BE5B;
			remoteInfo = travelme;
		};
		438C534725B3F5330092BE5B /* PBXContainerItemProxy */ = {
			isa = PBXContainerItemProxy;
			containerPortal = 438C531D25B3F5300092BE5B /* Project object */;
			proxyType = 1;
			remoteGlobalIDString = 438C532425B3F5300092BE5B;
			remoteInfo = travelme;
		};
/* End PBXContainerItemProxy section */

/* Begin PBXFileReference section */
		1F0BD7465F972C25626F79AC /* Pods-travelme-travelmeUITests.debug.xcconfig */ = {isa = PBXFileReference; includeInIndex = 1; lastKnownFileType = text.xcconfig; name = "Pods-travelme-travelmeUITests.debug.xcconfig"; path = "Target Support Files/Pods-travelme-travelmeUITests/Pods-travelme-travelmeUITests.debug.xcconfig"; sourceTree = "<group>"; };
		4318B2EB25B5327C001B8B9E /* SignupViewController.swift */ = {isa = PBXFileReference; lastKnownFileType = sourcecode.swift; path = SignupViewController.swift; sourceTree = "<group>"; };
		4318B2F125B53F87001B8B9E /* FirebaseAuthManager.swift */ = {isa = PBXFileReference; lastKnownFileType = sourcecode.swift; path = FirebaseAuthManager.swift; sourceTree = "<group>"; };
		4318B30025B58D0C001B8B9E /* CustomTextField.swift */ = {isa = PBXFileReference; lastKnownFileType = sourcecode.swift; path = CustomTextField.swift; sourceTree = "<group>"; };
		4318B39025B5E33C001B8B9E /* Validation.swift */ = {isa = PBXFileReference; lastKnownFileType = sourcecode.swift; path = Validation.swift; sourceTree = "<group>"; };
		432B972925B96CD000CD4CCC /* CustomMDCOutlineTextField.swift */ = {isa = PBXFileReference; lastKnownFileType = sourcecode.swift; path = CustomMDCOutlineTextField.swift; sourceTree = "<group>"; };
		432B97ED25B9967A00CD4CCC /* WhisperNotification.swift */ = {isa = PBXFileReference; lastKnownFileType = sourcecode.swift; path = WhisperNotification.swift; sourceTree = "<group>"; };
		432B983F25BAB2C400CD4CCC /* HomeViewController.swift */ = {isa = PBXFileReference; lastKnownFileType = sourcecode.swift; path = HomeViewController.swift; sourceTree = "<group>"; };
		432B984425BAB85500CD4CCC /* WelcomeViewController.swift */ = {isa = PBXFileReference; lastKnownFileType = sourcecode.swift; path = WelcomeViewController.swift; sourceTree = "<group>"; };
		432B987925BBF8CA00CD4CCC /* User.swift */ = {isa = PBXFileReference; lastKnownFileType = sourcecode.swift; path = User.swift; sourceTree = "<group>"; };
		432B988A25BD8C0800CD4CCC /* MapViewController.swift */ = {isa = PBXFileReference; lastKnownFileType = sourcecode.swift; path = MapViewController.swift; sourceTree = "<group>"; };
		4332CBBA25BE635200C730E5 /* MainTabBarController.swift */ = {isa = PBXFileReference; lastKnownFileType = sourcecode.swift; path = MainTabBarController.swift; sourceTree = "<group>"; };
		4332CBC225BE68D200C730E5 /* AddVC.swift */ = {isa = PBXFileReference; lastKnownFileType = sourcecode.swift; path = AddVC.swift; sourceTree = "<group>"; };
		4332CBC825BEA73100C730E5 /* UIViewExt.swift */ = {isa = PBXFileReference; lastKnownFileType = sourcecode.swift; path = UIViewExt.swift; sourceTree = "<group>"; };
		4332CC8625C1579500C730E5 /* PostRepository.swift */ = {isa = PBXFileReference; lastKnownFileType = sourcecode.swift; path = PostRepository.swift; sourceTree = "<group>"; };
		4332CC8B25C159AA00C730E5 /* Post.swift */ = {isa = PBXFileReference; lastKnownFileType = sourcecode.swift; path = Post.swift; sourceTree = "<group>"; };
		4332CCBB25C1747A00C730E5 /* GoogleService-Info.plist */ = {isa = PBXFileReference; fileEncoding = 4; lastKnownFileType = text.plist.xml; path = "GoogleService-Info.plist"; sourceTree = "<group>"; };
		4332CCF725C2739F00C730E5 /* UserRepository.swift */ = {isa = PBXFileReference; lastKnownFileType = sourcecode.swift; path = UserRepository.swift; sourceTree = "<group>"; };
		4332CD7625C6AD6000C730E5 /* ProfileViewController.swift */ = {isa = PBXFileReference; lastKnownFileType = sourcecode.swift; path = ProfileViewController.swift; sourceTree = "<group>"; };
		4332CD7B25C6C0BD00C730E5 /* ProfileHeader.swift */ = {isa = PBXFileReference; lastKnownFileType = sourcecode.swift; path = ProfileHeader.swift; sourceTree = "<group>"; };
		4332CD8025C6C24700C730E5 /* CustomImageView.swift */ = {isa = PBXFileReference; lastKnownFileType = sourcecode.swift; path = CustomImageView.swift; sourceTree = "<group>"; };
		4332CD8C25C7A95900C730E5 /* ProfileEmptyStateCell.swift */ = {isa = PBXFileReference; lastKnownFileType = sourcecode.swift; path = ProfileEmptyStateCell.swift; sourceTree = "<group>"; };
		4332CD9725C7E55700C730E5 /* HomePostCellHeader.swift */ = {isa = PBXFileReference; lastKnownFileType = sourcecode.swift; path = HomePostCellHeader.swift; sourceTree = "<group>"; };
		4332CD9C25C7F03900C730E5 /* HomePostCollectionViewCell.swift */ = {isa = PBXFileReference; lastKnownFileType = sourcecode.swift; path = HomePostCollectionViewCell.swift; sourceTree = "<group>"; };
		4332CDAA25C9A86100C730E5 /* NotificationExt.swift */ = {isa = PBXFileReference; lastKnownFileType = sourcecode.swift; path = NotificationExt.swift; sourceTree = "<group>"; };
		4332CDAF25C9A87400C730E5 /* DateTimeExt.swift */ = {isa = PBXFileReference; lastKnownFileType = sourcecode.swift; path = DateTimeExt.swift; sourceTree = "<group>"; };
		4332CDE525CAA5A500C730E5 /* BottomSheetViewController.swift */ = {isa = PBXFileReference; lastKnownFileType = sourcecode.swift; path = BottomSheetViewController.swift; sourceTree = "<group>"; };
		4332CDE625CAA5A500C730E5 /* BottomSheetViewController.xib */ = {isa = PBXFileReference; lastKnownFileType = file.xib; path = BottomSheetViewController.xib; sourceTree = "<group>"; };
		4332CE1925CBF9E700C730E5 /* MapClusterRenderer.swift */ = {isa = PBXFileReference; lastKnownFileType = sourcecode.swift; path = MapClusterRenderer.swift; sourceTree = "<group>"; };
		4332CE2125CBFCEC00C730E5 /* PostOnMap.swift */ = {isa = PBXFileReference; lastKnownFileType = sourcecode.swift; path = PostOnMap.swift; sourceTree = "<group>"; };
		4332CE2625CC002C00C730E5 /* PostClusterItem.swift */ = {isa = PBXFileReference; lastKnownFileType = sourcecode.swift; path = PostClusterItem.swift; sourceTree = "<group>"; };
		4332CE2C25CD25F300C730E5 /* CustomMarkerView.swift */ = {isa = PBXFileReference; lastKnownFileType = sourcecode.swift; path = CustomMarkerView.swift; sourceTree = "<group>"; };
		435444A125D2417B00144BAE /* LocationUtils.swift */ = {isa = PBXFileReference; lastKnownFileType = sourcecode.swift; path = LocationUtils.swift; sourceTree = "<group>"; };
		4356591225D80E3C007C0848 /* Toast.swift */ = {isa = PBXFileReference; lastKnownFileType = sourcecode.swift; path = Toast.swift; sourceTree = "<group>"; };
		438B327F25D396AC00891B84 /* NumberExt.swift */ = {isa = PBXFileReference; lastKnownFileType = sourcecode.swift; path = NumberExt.swift; sourceTree = "<group>"; };
		438C532525B3F5300092BE5B /* travelme.app */ = {isa = PBXFileReference; explicitFileType = wrapper.application; includeInIndex = 0; path = travelme.app; sourceTree = BUILT_PRODUCTS_DIR; };
		438C532825B3F5300092BE5B /* AppDelegate.swift */ = {isa = PBXFileReference; lastKnownFileType = sourcecode.swift; path = AppDelegate.swift; sourceTree = "<group>"; };
		438C532A25B3F5300092BE5B /* SceneDelegate.swift */ = {isa = PBXFileReference; lastKnownFileType = sourcecode.swift; path = SceneDelegate.swift; sourceTree = "<group>"; };
		438C532C25B3F5300092BE5B /* LoginController.swift */ = {isa = PBXFileReference; lastKnownFileType = sourcecode.swift; path = LoginController.swift; sourceTree = "<group>"; };
		438C532F25B3F5300092BE5B /* Base */ = {isa = PBXFileReference; lastKnownFileType = file.storyboard; name = Base; path = Base.lproj/Main.storyboard; sourceTree = "<group>"; };
		438C533125B3F5330092BE5B /* Assets.xcassets */ = {isa = PBXFileReference; lastKnownFileType = folder.assetcatalog; path = Assets.xcassets; sourceTree = "<group>"; };
		438C533625B3F5330092BE5B /* Info.plist */ = {isa = PBXFileReference; lastKnownFileType = text.plist.xml; path = Info.plist; sourceTree = "<group>"; };
		438C533B25B3F5330092BE5B /* travelmeTests.xctest */ = {isa = PBXFileReference; explicitFileType = wrapper.cfbundle; includeInIndex = 0; path = travelmeTests.xctest; sourceTree = BUILT_PRODUCTS_DIR; };
		438C533F25B3F5330092BE5B /* travelmeTests.swift */ = {isa = PBXFileReference; lastKnownFileType = sourcecode.swift; path = travelmeTests.swift; sourceTree = "<group>"; };
		438C534125B3F5330092BE5B /* Info.plist */ = {isa = PBXFileReference; lastKnownFileType = text.plist.xml; path = Info.plist; sourceTree = "<group>"; };
		438C534625B3F5330092BE5B /* travelmeUITests.xctest */ = {isa = PBXFileReference; explicitFileType = wrapper.cfbundle; includeInIndex = 0; path = travelmeUITests.xctest; sourceTree = BUILT_PRODUCTS_DIR; };
		438C534A25B3F5330092BE5B /* travelmeUITests.swift */ = {isa = PBXFileReference; lastKnownFileType = sourcecode.swift; path = travelmeUITests.swift; sourceTree = "<group>"; };
		438C534C25B3F5330092BE5B /* Info.plist */ = {isa = PBXFileReference; lastKnownFileType = text.plist.xml; path = Info.plist; sourceTree = "<group>"; };
		438DC11125B8420E00FF52D9 /* AbstractViewController.swift */ = {isa = PBXFileReference; lastKnownFileType = sourcecode.swift; path = AbstractViewController.swift; sourceTree = "<group>"; };
		43ADF13A25B437B100192D11 /* vi */ = {isa = PBXFileReference; lastKnownFileType = text.plist.strings; name = vi; path = vi.lproj/Localizable.strings; sourceTree = "<group>"; };
		43ADF13F25B437B500192D11 /* en */ = {isa = PBXFileReference; lastKnownFileType = text.plist.strings; name = en; path = en.lproj/Localizable.strings; sourceTree = "<group>"; };
		43ADF14825B439C000192D11 /* StringUtils.swift */ = {isa = PBXFileReference; lastKnownFileType = sourcecode.swift; path = StringUtils.swift; sourceTree = "<group>"; };
		43FDB09925D97B2D00CDEC30 /* AbstractCollectionVC.swift */ = {isa = PBXFileReference; lastKnownFileType = sourcecode.swift; path = AbstractCollectionVC.swift; sourceTree = "<group>"; };
		47FEB47C6DE421AEB8F06CC7 /* Pods-travelme-travelmeUITests.release.xcconfig */ = {isa = PBXFileReference; includeInIndex = 1; lastKnownFileType = text.xcconfig; name = "Pods-travelme-travelmeUITests.release.xcconfig"; path = "Target Support Files/Pods-travelme-travelmeUITests/Pods-travelme-travelmeUITests.release.xcconfig"; sourceTree = "<group>"; };
		68BB503CD2FBA934E3659FBD /* Pods-travelmeTests.debug.xcconfig */ = {isa = PBXFileReference; includeInIndex = 1; lastKnownFileType = text.xcconfig; name = "Pods-travelmeTests.debug.xcconfig"; path = "Target Support Files/Pods-travelmeTests/Pods-travelmeTests.debug.xcconfig"; sourceTree = "<group>"; };
		7065BAB5EF1DE9FA3117A52A /* Pods-travelme.debug.xcconfig */ = {isa = PBXFileReference; includeInIndex = 1; lastKnownFileType = text.xcconfig; name = "Pods-travelme.debug.xcconfig"; path = "Target Support Files/Pods-travelme/Pods-travelme.debug.xcconfig"; sourceTree = "<group>"; };
		84F3655FC8747C19A14FD9CF /* Pods_travelmeTests.framework */ = {isa = PBXFileReference; explicitFileType = wrapper.framework; includeInIndex = 0; path = Pods_travelmeTests.framework; sourceTree = BUILT_PRODUCTS_DIR; };
		95E78355747FCFC48ACD050B /* Pods_travelme.framework */ = {isa = PBXFileReference; explicitFileType = wrapper.framework; includeInIndex = 0; path = Pods_travelme.framework; sourceTree = BUILT_PRODUCTS_DIR; };
		B25448AD651EE9C73EAB126F /* Pods-travelme.release.xcconfig */ = {isa = PBXFileReference; includeInIndex = 1; lastKnownFileType = text.xcconfig; name = "Pods-travelme.release.xcconfig"; path = "Target Support Files/Pods-travelme/Pods-travelme.release.xcconfig"; sourceTree = "<group>"; };
		CE74A79250D74A1AA1806D31 /* Pods-travelmeTests.release.xcconfig */ = {isa = PBXFileReference; includeInIndex = 1; lastKnownFileType = text.xcconfig; name = "Pods-travelmeTests.release.xcconfig"; path = "Target Support Files/Pods-travelmeTests/Pods-travelmeTests.release.xcconfig"; sourceTree = "<group>"; };
		DFAEC79B0D10BD5C1F0994CC /* Pods_travelme_travelmeUITests.framework */ = {isa = PBXFileReference; explicitFileType = wrapper.framework; includeInIndex = 0; path = Pods_travelme_travelmeUITests.framework; sourceTree = BUILT_PRODUCTS_DIR; };
/* End PBXFileReference section */

/* Begin PBXFrameworksBuildPhase section */
		438C532225B3F5300092BE5B /* Frameworks */ = {
			isa = PBXFrameworksBuildPhase;
			buildActionMask = 2147483647;
			files = (
				28A29BC4FAF0EDDA1B158EFF /* Pods_travelme.framework in Frameworks */,
			);
			runOnlyForDeploymentPostprocessing = 0;
		};
		438C533825B3F5330092BE5B /* Frameworks */ = {
			isa = PBXFrameworksBuildPhase;
			buildActionMask = 2147483647;
			files = (
				3EB9A38219E4A266373E1B37 /* Pods_travelmeTests.framework in Frameworks */,
			);
			runOnlyForDeploymentPostprocessing = 0;
		};
		438C534325B3F5330092BE5B /* Frameworks */ = {
			isa = PBXFrameworksBuildPhase;
			buildActionMask = 2147483647;
			files = (
				329A6C54A870CE7BA6092E7F /* Pods_travelme_travelmeUITests.framework in Frameworks */,
			);
			runOnlyForDeploymentPostprocessing = 0;
		};
/* End PBXFrameworksBuildPhase section */

/* Begin PBXGroup section */
		4318B2F025B53F63001B8B9E /* Firebase */ = {
			isa = PBXGroup;
			children = (
				4318B2F125B53F87001B8B9E /* FirebaseAuthManager.swift */,
			);
			path = Firebase;
			sourceTree = "<group>";
		};
		4318B2FE25B58CE8001B8B9E /* View */ = {
			isa = PBXGroup;
			children = (
				4332CE1825CBF99C00C730E5 /* Map */,
				4332CD9625C7E4DC00C730E5 /* Profile */,
				4332CD9425C7E4CA00C730E5 /* Home */,
				4318B2FF25B58CEF001B8B9E /* CustomView */,
			);
			path = View;
			sourceTree = "<group>";
		};
		4318B2FF25B58CEF001B8B9E /* CustomView */ = {
			isa = PBXGroup;
			children = (
				4318B30025B58D0C001B8B9E /* CustomTextField.swift */,
				432B972925B96CD000CD4CCC /* CustomMDCOutlineTextField.swift */,
				4332CD8025C6C24700C730E5 /* CustomImageView.swift */,
			);
			path = CustomView;
			sourceTree = "<group>";
		};
		432B97EC25B9965B00CD4CCC /* UI */ = {
			isa = PBXGroup;
			children = (
				4318B2FE25B58CE8001B8B9E /* View */,
				432B97ED25B9967A00CD4CCC /* WhisperNotification.swift */,
				4356591225D80E3C007C0848 /* Toast.swift */,
			);
			path = UI;
			sourceTree = "<group>";
		};
		432B987825BBF8B400CD4CCC /* Model */ = {
			isa = PBXGroup;
			children = (
				432B987925BBF8CA00CD4CCC /* User.swift */,
				4332CC8B25C159AA00C730E5 /* Post.swift */,
				4332CE2125CBFCEC00C730E5 /* PostOnMap.swift */,
				4332CE2625CC002C00C730E5 /* PostClusterItem.swift */,
			);
			path = Model;
			sourceTree = "<group>";
		};
		432B988125BD8BBD00CD4CCC /* Login */ = {
			isa = PBXGroup;
			children = (
				4318B2EB25B5327C001B8B9E /* SignupViewController.swift */,
				438C532C25B3F5300092BE5B /* LoginController.swift */,
			);
			path = Login;
			sourceTree = "<group>";
		};
		432B988825BD8BDB00CD4CCC /* Profile */ = {
			isa = PBXGroup;
			children = (
				4332CD7625C6AD6000C730E5 /* ProfileViewController.swift */,
			);
			path = Profile;
			sourceTree = "<group>";
		};
		432B988925BD8BEB00CD4CCC /* Map */ = {
			isa = PBXGroup;
			children = (
				432B988A25BD8C0800CD4CCC /* MapViewController.swift */,
				4332CDE525CAA5A500C730E5 /* BottomSheetViewController.swift */,
				4332CDE625CAA5A500C730E5 /* BottomSheetViewController.xib */,
			);
			path = Map;
			sourceTree = "<group>";
		};
		4332CBAA25BE5E3300C730E5 /* Statistics */ = {
			isa = PBXGroup;
			children = (
			);
			path = Statistics;
			sourceTree = "<group>";
		};
		4332CBAB25BE5E5400C730E5 /* Add */ = {
			isa = PBXGroup;
			children = (
				4332CBC225BE68D200C730E5 /* AddVC.swift */,
			);
			path = Add;
			sourceTree = "<group>";
		};
		4332CBAC25BE5E8F00C730E5 /* Splash */ = {
			isa = PBXGroup;
			children = (
				432B984425BAB85500CD4CCC /* WelcomeViewController.swift */,
			);
			path = Splash;
			sourceTree = "<group>";
		};
		4332CBB025BE5E9D00C730E5 /* Home */ = {
			isa = PBXGroup;
			children = (
				432B983F25BAB2C400CD4CCC /* HomeViewController.swift */,
				4332CBBA25BE635200C730E5 /* MainTabBarController.swift */,
			);
			path = Home;
			sourceTree = "<group>";
		};
		4332CBC725BEA70500C730E5 /* Ext */ = {
			isa = PBXGroup;
			children = (
				4332CBC825BEA73100C730E5 /* UIViewExt.swift */,
				4332CDAA25C9A86100C730E5 /* NotificationExt.swift */,
				4332CDAF25C9A87400C730E5 /* DateTimeExt.swift */,
				438B327F25D396AC00891B84 /* NumberExt.swift */,
			);
			path = Ext;
			sourceTree = "<group>";
		};
		4332CC8525C1574200C730E5 /* Repository */ = {
			isa = PBXGroup;
			children = (
				4318B2F025B53F63001B8B9E /* Firebase */,
				4332CC8625C1579500C730E5 /* PostRepository.swift */,
				4332CCF725C2739F00C730E5 /* UserRepository.swift */,
			);
			path = Repository;
			sourceTree = "<group>";
		};
		4332CD9425C7E4CA00C730E5 /* Home */ = {
			isa = PBXGroup;
			children = (
				4332CD9725C7E55700C730E5 /* HomePostCellHeader.swift */,
				4332CD9C25C7F03900C730E5 /* HomePostCollectionViewCell.swift */,
			);
			path = Home;
			sourceTree = "<group>";
		};
		4332CD9625C7E4DC00C730E5 /* Profile */ = {
			isa = PBXGroup;
			children = (
				4332CD7B25C6C0BD00C730E5 /* ProfileHeader.swift */,
				4332CD8C25C7A95900C730E5 /* ProfileEmptyStateCell.swift */,
			);
			path = Profile;
			sourceTree = "<group>";
		};
		4332CE1825CBF99C00C730E5 /* Map */ = {
			isa = PBXGroup;
			children = (
				4332CE1925CBF9E700C730E5 /* MapClusterRenderer.swift */,
				4332CE2C25CD25F300C730E5 /* CustomMarkerView.swift */,
			);
			path = Map;
			sourceTree = "<group>";
		};
		438C531C25B3F5300092BE5B = {
			isa = PBXGroup;
			children = (
				438C532725B3F5300092BE5B /* travelme */,
				438C533E25B3F5330092BE5B /* travelmeTests */,
				438C534925B3F5330092BE5B /* travelmeUITests */,
				438C532625B3F5300092BE5B /* Products */,
				8AF038A973DD1FC342DE07E6 /* Pods */,
				7A15F15E5B40042FF2422337 /* Frameworks */,
			);
			sourceTree = "<group>";
		};
		438C532625B3F5300092BE5B /* Products */ = {
			isa = PBXGroup;
			children = (
				438C532525B3F5300092BE5B /* travelme.app */,
				438C533B25B3F5330092BE5B /* travelmeTests.xctest */,
				438C534625B3F5330092BE5B /* travelmeUITests.xctest */,
			);
			name = Products;
			sourceTree = "<group>";
		};
		438C532725B3F5300092BE5B /* travelme */ = {
			isa = PBXGroup;
			children = (
				4332CC8525C1574200C730E5 /* Repository */,
				4332CBC725BEA70500C730E5 /* Ext */,
				432B987825BBF8B400CD4CCC /* Model */,
				432B97EC25B9965B00CD4CCC /* UI */,
				43ADF14725B439A800192D11 /* Utils */,
				43ADF14625B4393E00192D11 /* Controller */,
				438C532825B3F5300092BE5B /* AppDelegate.swift */,
				438C532A25B3F5300092BE5B /* SceneDelegate.swift */,
				438C532E25B3F5300092BE5B /* Main.storyboard */,
				438C533125B3F5330092BE5B /* Assets.xcassets */,
				438C533625B3F5330092BE5B /* Info.plist */,
				4332CCBB25C1747A00C730E5 /* GoogleService-Info.plist */,
				43ADF13B25B437B100192D11 /* Localizable.strings */,
			);
			path = travelme;
			sourceTree = "<group>";
		};
		438C533E25B3F5330092BE5B /* travelmeTests */ = {
			isa = PBXGroup;
			children = (
				438C533F25B3F5330092BE5B /* travelmeTests.swift */,
				438C534125B3F5330092BE5B /* Info.plist */,
			);
			path = travelmeTests;
			sourceTree = "<group>";
		};
		438C534925B3F5330092BE5B /* travelmeUITests */ = {
			isa = PBXGroup;
			children = (
				438C534A25B3F5330092BE5B /* travelmeUITests.swift */,
				438C534C25B3F5330092BE5B /* Info.plist */,
			);
			path = travelmeUITests;
			sourceTree = "<group>";
		};
		43ADF14625B4393E00192D11 /* Controller */ = {
			isa = PBXGroup;
			children = (
				4332CBB025BE5E9D00C730E5 /* Home */,
				4332CBAC25BE5E8F00C730E5 /* Splash */,
				4332CBAB25BE5E5400C730E5 /* Add */,
				4332CBAA25BE5E3300C730E5 /* Statistics */,
				432B988925BD8BEB00CD4CCC /* Map */,
				432B988825BD8BDB00CD4CCC /* Profile */,
				432B988125BD8BBD00CD4CCC /* Login */,
				438DC11125B8420E00FF52D9 /* AbstractViewController.swift */,
				43FDB09925D97B2D00CDEC30 /* AbstractCollectionVC.swift */,
			);
			path = Controller;
			sourceTree = "<group>";
		};
		43ADF14725B439A800192D11 /* Utils */ = {
			isa = PBXGroup;
			children = (
				43ADF14825B439C000192D11 /* StringUtils.swift */,
				4318B39025B5E33C001B8B9E /* Validation.swift */,
				435444A125D2417B00144BAE /* LocationUtils.swift */,
			);
			path = Utils;
			sourceTree = "<group>";
		};
		7A15F15E5B40042FF2422337 /* Frameworks */ = {
			isa = PBXGroup;
			children = (
				95E78355747FCFC48ACD050B /* Pods_travelme.framework */,
				DFAEC79B0D10BD5C1F0994CC /* Pods_travelme_travelmeUITests.framework */,
				84F3655FC8747C19A14FD9CF /* Pods_travelmeTests.framework */,
			);
			name = Frameworks;
			sourceTree = "<group>";
		};
		8AF038A973DD1FC342DE07E6 /* Pods */ = {
			isa = PBXGroup;
			children = (
				7065BAB5EF1DE9FA3117A52A /* Pods-travelme.debug.xcconfig */,
				B25448AD651EE9C73EAB126F /* Pods-travelme.release.xcconfig */,
				1F0BD7465F972C25626F79AC /* Pods-travelme-travelmeUITests.debug.xcconfig */,
				47FEB47C6DE421AEB8F06CC7 /* Pods-travelme-travelmeUITests.release.xcconfig */,
				68BB503CD2FBA934E3659FBD /* Pods-travelmeTests.debug.xcconfig */,
				CE74A79250D74A1AA1806D31 /* Pods-travelmeTests.release.xcconfig */,
			);
			path = Pods;
			sourceTree = "<group>";
		};
/* End PBXGroup section */

/* Begin PBXNativeTarget section */
		438C532425B3F5300092BE5B /* travelme */ = {
			isa = PBXNativeTarget;
			buildConfigurationList = 438C534F25B3F5330092BE5B /* Build configuration list for PBXNativeTarget "travelme" */;
			buildPhases = (
				64B81AC88B641E3DC5E1C9EB /* [CP] Check Pods Manifest.lock */,
				438C532125B3F5300092BE5B /* Sources */,
				438C532225B3F5300092BE5B /* Frameworks */,
				438C532325B3F5300092BE5B /* Resources */,
				9AC641924BF2233030E727A4 /* [CP] Embed Pods Frameworks */,
				7E879B579714801691A9F0AF /* [CP] Copy Pods Resources */,
			);
			buildRules = (
			);
			dependencies = (
			);
			name = travelme;
			productName = travelme;
			productReference = 438C532525B3F5300092BE5B /* travelme.app */;
			productType = "com.apple.product-type.application";
		};
		438C533A25B3F5330092BE5B /* travelmeTests */ = {
			isa = PBXNativeTarget;
			buildConfigurationList = 438C535225B3F5330092BE5B /* Build configuration list for PBXNativeTarget "travelmeTests" */;
			buildPhases = (
				B67178CC216421518D854556 /* [CP] Check Pods Manifest.lock */,
				438C533725B3F5330092BE5B /* Sources */,
				438C533825B3F5330092BE5B /* Frameworks */,
				438C533925B3F5330092BE5B /* Resources */,
			);
			buildRules = (
			);
			dependencies = (
				438C533D25B3F5330092BE5B /* PBXTargetDependency */,
			);
			name = travelmeTests;
			productName = travelmeTests;
			productReference = 438C533B25B3F5330092BE5B /* travelmeTests.xctest */;
			productType = "com.apple.product-type.bundle.unit-test";
		};
		438C534525B3F5330092BE5B /* travelmeUITests */ = {
			isa = PBXNativeTarget;
			buildConfigurationList = 438C535525B3F5330092BE5B /* Build configuration list for PBXNativeTarget "travelmeUITests" */;
			buildPhases = (
				C0D30E938069C26BC18D7DA9 /* [CP] Check Pods Manifest.lock */,
				438C534225B3F5330092BE5B /* Sources */,
				438C534325B3F5330092BE5B /* Frameworks */,
				438C534425B3F5330092BE5B /* Resources */,
				C441D63C835754DA013218E0 /* [CP] Embed Pods Frameworks */,
				5167FDC7B5D65DCBAA4747BF /* [CP] Copy Pods Resources */,
			);
			buildRules = (
			);
			dependencies = (
				438C534825B3F5330092BE5B /* PBXTargetDependency */,
			);
			name = travelmeUITests;
			productName = travelmeUITests;
			productReference = 438C534625B3F5330092BE5B /* travelmeUITests.xctest */;
			productType = "com.apple.product-type.bundle.ui-testing";
		};
/* End PBXNativeTarget section */

/* Begin PBXProject section */
		438C531D25B3F5300092BE5B /* Project object */ = {
			isa = PBXProject;
			attributes = {
				LastSwiftUpdateCheck = 1210;
				LastUpgradeCheck = 1210;
				TargetAttributes = {
					438C532425B3F5300092BE5B = {
						CreatedOnToolsVersion = 12.1;
					};
					438C533A25B3F5330092BE5B = {
						CreatedOnToolsVersion = 12.1;
						TestTargetID = 438C532425B3F5300092BE5B;
					};
					438C534525B3F5330092BE5B = {
						CreatedOnToolsVersion = 12.1;
						TestTargetID = 438C532425B3F5300092BE5B;
					};
				};
			};
			buildConfigurationList = 438C532025B3F5300092BE5B /* Build configuration list for PBXProject "travelme" */;
			compatibilityVersion = "Xcode 9.3";
			developmentRegion = en;
			hasScannedForEncodings = 0;
			knownRegions = (
				en,
				Base,
				vi,
			);
			mainGroup = 438C531C25B3F5300092BE5B;
			productRefGroup = 438C532625B3F5300092BE5B /* Products */;
			projectDirPath = "";
			projectRoot = "";
			targets = (
				438C532425B3F5300092BE5B /* travelme */,
				438C533A25B3F5330092BE5B /* travelmeTests */,
				438C534525B3F5330092BE5B /* travelmeUITests */,
			);
		};
/* End PBXProject section */

/* Begin PBXResourcesBuildPhase section */
		438C532325B3F5300092BE5B /* Resources */ = {
			isa = PBXResourcesBuildPhase;
			buildActionMask = 2147483647;
			files = (
				43ADF13925B437B100192D11 /* Localizable.strings in Resources */,
				4332CDE825CAA5A500C730E5 /* BottomSheetViewController.xib in Resources */,
				438C533225B3F5330092BE5B /* Assets.xcassets in Resources */,
				438C533025B3F5300092BE5B /* Main.storyboard in Resources */,
				4332CCBC25C1747A00C730E5 /* GoogleService-Info.plist in Resources */,
			);
			runOnlyForDeploymentPostprocessing = 0;
		};
		438C533925B3F5330092BE5B /* Resources */ = {
			isa = PBXResourcesBuildPhase;
			buildActionMask = 2147483647;
			files = (
			);
			runOnlyForDeploymentPostprocessing = 0;
		};
		438C534425B3F5330092BE5B /* Resources */ = {
			isa = PBXResourcesBuildPhase;
			buildActionMask = 2147483647;
			files = (
			);
			runOnlyForDeploymentPostprocessing = 0;
		};
/* End PBXResourcesBuildPhase section */

/* Begin PBXShellScriptBuildPhase section */
		5167FDC7B5D65DCBAA4747BF /* [CP] Copy Pods Resources */ = {
			isa = PBXShellScriptBuildPhase;
			buildActionMask = 2147483647;
			files = (
			);
			inputFileListPaths = (
				"${PODS_ROOT}/Target Support Files/Pods-travelme-travelmeUITests/Pods-travelme-travelmeUITests-resources-${CONFIGURATION}-input-files.xcfilelist",
			);
			name = "[CP] Copy Pods Resources";
			outputFileListPaths = (
				"${PODS_ROOT}/Target Support Files/Pods-travelme-travelmeUITests/Pods-travelme-travelmeUITests-resources-${CONFIGURATION}-output-files.xcfilelist",
			);
			runOnlyForDeploymentPostprocessing = 0;
			shellPath = /bin/sh;
			shellScript = "\"${PODS_ROOT}/Target Support Files/Pods-travelme-travelmeUITests/Pods-travelme-travelmeUITests-resources.sh\"\n";
			showEnvVarsInLog = 0;
		};
		64B81AC88B641E3DC5E1C9EB /* [CP] Check Pods Manifest.lock */ = {
			isa = PBXShellScriptBuildPhase;
			buildActionMask = 2147483647;
			files = (
			);
			inputFileListPaths = (
			);
			inputPaths = (
				"${PODS_PODFILE_DIR_PATH}/Podfile.lock",
				"${PODS_ROOT}/Manifest.lock",
			);
			name = "[CP] Check Pods Manifest.lock";
			outputFileListPaths = (
			);
			outputPaths = (
				"$(DERIVED_FILE_DIR)/Pods-travelme-checkManifestLockResult.txt",
			);
			runOnlyForDeploymentPostprocessing = 0;
			shellPath = /bin/sh;
			shellScript = "diff \"${PODS_PODFILE_DIR_PATH}/Podfile.lock\" \"${PODS_ROOT}/Manifest.lock\" > /dev/null\nif [ $? != 0 ] ; then\n    # print error to STDERR\n    echo \"error: The sandbox is not in sync with the Podfile.lock. Run 'pod install' or update your CocoaPods installation.\" >&2\n    exit 1\nfi\n# This output is used by Xcode 'outputs' to avoid re-running this script phase.\necho \"SUCCESS\" > \"${SCRIPT_OUTPUT_FILE_0}\"\n";
			showEnvVarsInLog = 0;
		};
		7E879B579714801691A9F0AF /* [CP] Copy Pods Resources */ = {
			isa = PBXShellScriptBuildPhase;
			buildActionMask = 2147483647;
			files = (
			);
			inputFileListPaths = (
				"${PODS_ROOT}/Target Support Files/Pods-travelme/Pods-travelme-resources-${CONFIGURATION}-input-files.xcfilelist",
			);
			name = "[CP] Copy Pods Resources";
			outputFileListPaths = (
				"${PODS_ROOT}/Target Support Files/Pods-travelme/Pods-travelme-resources-${CONFIGURATION}-output-files.xcfilelist",
			);
			runOnlyForDeploymentPostprocessing = 0;
			shellPath = /bin/sh;
			shellScript = "\"${PODS_ROOT}/Target Support Files/Pods-travelme/Pods-travelme-resources.sh\"\n";
			showEnvVarsInLog = 0;
		};
		9AC641924BF2233030E727A4 /* [CP] Embed Pods Frameworks */ = {
			isa = PBXShellScriptBuildPhase;
			buildActionMask = 2147483647;
			files = (
			);
			inputFileListPaths = (
				"${PODS_ROOT}/Target Support Files/Pods-travelme/Pods-travelme-frameworks-${CONFIGURATION}-input-files.xcfilelist",
			);
			name = "[CP] Embed Pods Frameworks";
			outputFileListPaths = (
				"${PODS_ROOT}/Target Support Files/Pods-travelme/Pods-travelme-frameworks-${CONFIGURATION}-output-files.xcfilelist",
			);
			runOnlyForDeploymentPostprocessing = 0;
			shellPath = /bin/sh;
			shellScript = "\"${PODS_ROOT}/Target Support Files/Pods-travelme/Pods-travelme-frameworks.sh\"\n";
			showEnvVarsInLog = 0;
		};
		B67178CC216421518D854556 /* [CP] Check Pods Manifest.lock */ = {
			isa = PBXShellScriptBuildPhase;
			buildActionMask = 2147483647;
			files = (
			);
			inputFileListPaths = (
			);
			inputPaths = (
				"${PODS_PODFILE_DIR_PATH}/Podfile.lock",
				"${PODS_ROOT}/Manifest.lock",
			);
			name = "[CP] Check Pods Manifest.lock";
			outputFileListPaths = (
			);
			outputPaths = (
				"$(DERIVED_FILE_DIR)/Pods-travelmeTests-checkManifestLockResult.txt",
			);
			runOnlyForDeploymentPostprocessing = 0;
			shellPath = /bin/sh;
			shellScript = "diff \"${PODS_PODFILE_DIR_PATH}/Podfile.lock\" \"${PODS_ROOT}/Manifest.lock\" > /dev/null\nif [ $? != 0 ] ; then\n    # print error to STDERR\n    echo \"error: The sandbox is not in sync with the Podfile.lock. Run 'pod install' or update your CocoaPods installation.\" >&2\n    exit 1\nfi\n# This output is used by Xcode 'outputs' to avoid re-running this script phase.\necho \"SUCCESS\" > \"${SCRIPT_OUTPUT_FILE_0}\"\n";
			showEnvVarsInLog = 0;
		};
		C0D30E938069C26BC18D7DA9 /* [CP] Check Pods Manifest.lock */ = {
			isa = PBXShellScriptBuildPhase;
			buildActionMask = 2147483647;
			files = (
			);
			inputFileListPaths = (
			);
			inputPaths = (
				"${PODS_PODFILE_DIR_PATH}/Podfile.lock",
				"${PODS_ROOT}/Manifest.lock",
			);
			name = "[CP] Check Pods Manifest.lock";
			outputFileListPaths = (
			);
			outputPaths = (
				"$(DERIVED_FILE_DIR)/Pods-travelme-travelmeUITests-checkManifestLockResult.txt",
			);
			runOnlyForDeploymentPostprocessing = 0;
			shellPath = /bin/sh;
			shellScript = "diff \"${PODS_PODFILE_DIR_PATH}/Podfile.lock\" \"${PODS_ROOT}/Manifest.lock\" > /dev/null\nif [ $? != 0 ] ; then\n    # print error to STDERR\n    echo \"error: The sandbox is not in sync with the Podfile.lock. Run 'pod install' or update your CocoaPods installation.\" >&2\n    exit 1\nfi\n# This output is used by Xcode 'outputs' to avoid re-running this script phase.\necho \"SUCCESS\" > \"${SCRIPT_OUTPUT_FILE_0}\"\n";
			showEnvVarsInLog = 0;
		};
		C441D63C835754DA013218E0 /* [CP] Embed Pods Frameworks */ = {
			isa = PBXShellScriptBuildPhase;
			buildActionMask = 2147483647;
			files = (
			);
			inputFileListPaths = (
				"${PODS_ROOT}/Target Support Files/Pods-travelme-travelmeUITests/Pods-travelme-travelmeUITests-frameworks-${CONFIGURATION}-input-files.xcfilelist",
			);
			name = "[CP] Embed Pods Frameworks";
			outputFileListPaths = (
				"${PODS_ROOT}/Target Support Files/Pods-travelme-travelmeUITests/Pods-travelme-travelmeUITests-frameworks-${CONFIGURATION}-output-files.xcfilelist",
			);
			runOnlyForDeploymentPostprocessing = 0;
			shellPath = /bin/sh;
			shellScript = "\"${PODS_ROOT}/Target Support Files/Pods-travelme-travelmeUITests/Pods-travelme-travelmeUITests-frameworks.sh\"\n";
			showEnvVarsInLog = 0;
		};
/* End PBXShellScriptBuildPhase section */

/* Begin PBXSourcesBuildPhase section */
		438C532125B3F5300092BE5B /* Sources */ = {
			isa = PBXSourcesBuildPhase;
			buildActionMask = 2147483647;
			files = (
				4356591325D80E3C007C0848 /* Toast.swift in Sources */,
				4332CC8C25C159AA00C730E5 /* Post.swift in Sources */,
				4332CD8125C6C24700C730E5 /* CustomImageView.swift in Sources */,
				4332CBC925BEA73100C730E5 /* UIViewExt.swift in Sources */,
				4332CDB025C9A87400C730E5 /* DateTimeExt.swift in Sources */,
				4318B30125B58D0C001B8B9E /* CustomTextField.swift in Sources */,
				4318B2F225B53F87001B8B9E /* FirebaseAuthManager.swift in Sources */,
				43ADF14925B439C000192D11 /* StringUtils.swift in Sources */,
				438C532D25B3F5300092BE5B /* LoginController.swift in Sources */,
				4332CD7725C6AD6100C730E5 /* ProfileViewController.swift in Sources */,
				435444A225D2417B00144BAE /* LocationUtils.swift in Sources */,
				4332CDAB25C9A86300C730E5 /* NotificationExt.swift in Sources */,
				4332CD9D25C7F03900C730E5 /* HomePostCollectionViewCell.swift in Sources */,
				4332CE2D25CD25F500C730E5 /* CustomMarkerView.swift in Sources */,
				4332CE2225CBFCEC00C730E5 /* PostOnMap.swift in Sources */,
				4318B2EC25B5327C001B8B9E /* SignupViewController.swift in Sources */,
				4332CD7C25C6C0BD00C730E5 /* ProfileHeader.swift in Sources */,
				4332CDE725CAA5A500C730E5 /* BottomSheetViewController.swift in Sources */,
				43FDB09A25D97B2D00CDEC30 /* AbstractCollectionVC.swift in Sources */,
				432B984025BAB2C400CD4CCC /* HomeViewController.swift in Sources */,
				4332CBC325BE68D200C730E5 /* AddVC.swift in Sources */,
				432B987A25BBF8CA00CD4CCC /* User.swift in Sources */,
				438B328025D396AC00891B84 /* NumberExt.swift in Sources */,
				4332CC8725C1579500C730E5 /* PostRepository.swift in Sources */,
				432B984525BAB85500CD4CCC /* WelcomeViewController.swift in Sources */,
				438C532925B3F5300092BE5B /* AppDelegate.swift in Sources */,
				4318B39125B5E33C001B8B9E /* Validation.swift in Sources */,
				4332CD9825C7E55700C730E5 /* HomePostCellHeader.swift in Sources */,
				4332CBBB25BE635200C730E5 /* MainTabBarController.swift in Sources */,
				438DC11225B8420F00FF52D9 /* AbstractViewController.swift in Sources */,
				432B97EE25B9967A00CD4CCC /* WhisperNotification.swift in Sources */,
				4332CCF825C2739F00C730E5 /* UserRepository.swift in Sources */,
				432B972A25B96CD000CD4CCC /* CustomMDCOutlineTextField.swift in Sources */,
				4332CE1A25CBF9E800C730E5 /* MapClusterRenderer.swift in Sources */,
				4332CD8D25C7A95A00C730E5 /* ProfileEmptyStateCell.swift in Sources */,
				4332CE2725CC002C00C730E5 /* PostClusterItem.swift in Sources */,
				432B988B25BD8C0800CD4CCC /* MapViewController.swift in Sources */,
				438C532B25B3F5300092BE5B /* SceneDelegate.swift in Sources */,
			);
			runOnlyForDeploymentPostprocessing = 0;
		};
		438C533725B3F5330092BE5B /* Sources */ = {
			isa = PBXSourcesBuildPhase;
			buildActionMask = 2147483647;
			files = (
				438C534025B3F5330092BE5B /* travelmeTests.swift in Sources */,
			);
			runOnlyForDeploymentPostprocessing = 0;
		};
		438C534225B3F5330092BE5B /* Sources */ = {
			isa = PBXSourcesBuildPhase;
			buildActionMask = 2147483647;
			files = (
				438C534B25B3F5330092BE5B /* travelmeUITests.swift in Sources */,
			);
			runOnlyForDeploymentPostprocessing = 0;
		};
/* End PBXSourcesBuildPhase section */

/* Begin PBXTargetDependency section */
		438C533D25B3F5330092BE5B /* PBXTargetDependency */ = {
			isa = PBXTargetDependency;
			target = 438C532425B3F5300092BE5B /* travelme */;
			targetProxy = 438C533C25B3F5330092BE5B /* PBXContainerItemProxy */;
		};
		438C534825B3F5330092BE5B /* PBXTargetDependency */ = {
			isa = PBXTargetDependency;
			target = 438C532425B3F5300092BE5B /* travelme */;
			targetProxy = 438C534725B3F5330092BE5B /* PBXContainerItemProxy */;
		};
/* End PBXTargetDependency section */

/* Begin PBXVariantGroup section */
		438C532E25B3F5300092BE5B /* Main.storyboard */ = {
			isa = PBXVariantGroup;
			children = (
				438C532F25B3F5300092BE5B /* Base */,
			);
			name = Main.storyboard;
			sourceTree = "<group>";
		};
		43ADF13B25B437B100192D11 /* Localizable.strings */ = {
			isa = PBXVariantGroup;
			children = (
				43ADF13A25B437B100192D11 /* vi */,
				43ADF13F25B437B500192D11 /* en */,
			);
			name = Localizable.strings;
			sourceTree = "<group>";
		};
/* End PBXVariantGroup section */

/* Begin XCBuildConfiguration section */
		438C534D25B3F5330092BE5B /* Debug */ = {
			isa = XCBuildConfiguration;
			buildSettings = {
				ALWAYS_SEARCH_USER_PATHS = NO;
				CLANG_ANALYZER_LOCALIZABILITY_NONLOCALIZED = YES;
				CLANG_ANALYZER_NONNULL = YES;
				CLANG_ANALYZER_NUMBER_OBJECT_CONVERSION = YES_AGGRESSIVE;
				CLANG_CXX_LANGUAGE_STANDARD = "gnu++14";
				CLANG_CXX_LIBRARY = "libc++";
				CLANG_ENABLE_MODULES = YES;
				CLANG_ENABLE_OBJC_ARC = YES;
				CLANG_ENABLE_OBJC_WEAK = YES;
				CLANG_WARN_BLOCK_CAPTURE_AUTORELEASING = YES;
				CLANG_WARN_BOOL_CONVERSION = YES;
				CLANG_WARN_COMMA = YES;
				CLANG_WARN_CONSTANT_CONVERSION = YES;
				CLANG_WARN_DEPRECATED_OBJC_IMPLEMENTATIONS = YES;
				CLANG_WARN_DIRECT_OBJC_ISA_USAGE = YES_ERROR;
				CLANG_WARN_DOCUMENTATION_COMMENTS = YES;
				CLANG_WARN_EMPTY_BODY = YES;
				CLANG_WARN_ENUM_CONVERSION = YES;
				CLANG_WARN_INFINITE_RECURSION = YES;
				CLANG_WARN_INT_CONVERSION = YES;
				CLANG_WARN_NON_LITERAL_NULL_CONVERSION = YES;
				CLANG_WARN_OBJC_IMPLICIT_RETAIN_SELF = YES;
				CLANG_WARN_OBJC_LITERAL_CONVERSION = YES;
				CLANG_WARN_OBJC_ROOT_CLASS = YES_ERROR;
				CLANG_WARN_QUOTED_INCLUDE_IN_FRAMEWORK_HEADER = YES;
				CLANG_WARN_RANGE_LOOP_ANALYSIS = YES;
				CLANG_WARN_STRICT_PROTOTYPES = YES;
				CLANG_WARN_SUSPICIOUS_MOVE = YES;
				CLANG_WARN_UNGUARDED_AVAILABILITY = YES_AGGRESSIVE;
				CLANG_WARN_UNREACHABLE_CODE = YES;
				CLANG_WARN__DUPLICATE_METHOD_MATCH = YES;
				COPY_PHASE_STRIP = NO;
				DEBUG_INFORMATION_FORMAT = dwarf;
				ENABLE_STRICT_OBJC_MSGSEND = YES;
				ENABLE_TESTABILITY = YES;
				GCC_C_LANGUAGE_STANDARD = gnu11;
				GCC_DYNAMIC_NO_PIC = NO;
				GCC_NO_COMMON_BLOCKS = YES;
				GCC_OPTIMIZATION_LEVEL = 0;
				GCC_PREPROCESSOR_DEFINITIONS = (
					"DEBUG=1",
					"$(inherited)",
				);
				GCC_WARN_64_TO_32_BIT_CONVERSION = YES;
				GCC_WARN_ABOUT_RETURN_TYPE = YES_ERROR;
				GCC_WARN_UNDECLARED_SELECTOR = YES;
				GCC_WARN_UNINITIALIZED_AUTOS = YES_AGGRESSIVE;
				GCC_WARN_UNUSED_FUNCTION = YES;
				GCC_WARN_UNUSED_VARIABLE = YES;
				IPHONEOS_DEPLOYMENT_TARGET = 13.0;
				MTL_ENABLE_DEBUG_INFO = INCLUDE_SOURCE;
				MTL_FAST_MATH = YES;
				ONLY_ACTIVE_ARCH = YES;
				SDKROOT = iphoneos;
				SWIFT_ACTIVE_COMPILATION_CONDITIONS = DEBUG;
				SWIFT_OPTIMIZATION_LEVEL = "-Onone";
			};
			name = Debug;
		};
		438C534E25B3F5330092BE5B /* Release */ = {
			isa = XCBuildConfiguration;
			buildSettings = {
				ALWAYS_SEARCH_USER_PATHS = NO;
				CLANG_ANALYZER_LOCALIZABILITY_NONLOCALIZED = YES;
				CLANG_ANALYZER_NONNULL = YES;
				CLANG_ANALYZER_NUMBER_OBJECT_CONVERSION = YES_AGGRESSIVE;
				CLANG_CXX_LANGUAGE_STANDARD = "gnu++14";
				CLANG_CXX_LIBRARY = "libc++";
				CLANG_ENABLE_MODULES = YES;
				CLANG_ENABLE_OBJC_ARC = YES;
				CLANG_ENABLE_OBJC_WEAK = YES;
				CLANG_WARN_BLOCK_CAPTURE_AUTORELEASING = YES;
				CLANG_WARN_BOOL_CONVERSION = YES;
				CLANG_WARN_COMMA = YES;
				CLANG_WARN_CONSTANT_CONVERSION = YES;
				CLANG_WARN_DEPRECATED_OBJC_IMPLEMENTATIONS = YES;
				CLANG_WARN_DIRECT_OBJC_ISA_USAGE = YES_ERROR;
				CLANG_WARN_DOCUMENTATION_COMMENTS = YES;
				CLANG_WARN_EMPTY_BODY = YES;
				CLANG_WARN_ENUM_CONVERSION = YES;
				CLANG_WARN_INFINITE_RECURSION = YES;
				CLANG_WARN_INT_CONVERSION = YES;
				CLANG_WARN_NON_LITERAL_NULL_CONVERSION = YES;
				CLANG_WARN_OBJC_IMPLICIT_RETAIN_SELF = YES;
				CLANG_WARN_OBJC_LITERAL_CONVERSION = YES;
				CLANG_WARN_OBJC_ROOT_CLASS = YES_ERROR;
				CLANG_WARN_QUOTED_INCLUDE_IN_FRAMEWORK_HEADER = YES;
				CLANG_WARN_RANGE_LOOP_ANALYSIS = YES;
				CLANG_WARN_STRICT_PROTOTYPES = YES;
				CLANG_WARN_SUSPICIOUS_MOVE = YES;
				CLANG_WARN_UNGUARDED_AVAILABILITY = YES_AGGRESSIVE;
				CLANG_WARN_UNREACHABLE_CODE = YES;
				CLANG_WARN__DUPLICATE_METHOD_MATCH = YES;
				COPY_PHASE_STRIP = NO;
				DEBUG_INFORMATION_FORMAT = "dwarf-with-dsym";
				ENABLE_NS_ASSERTIONS = NO;
				ENABLE_STRICT_OBJC_MSGSEND = YES;
				GCC_C_LANGUAGE_STANDARD = gnu11;
				GCC_NO_COMMON_BLOCKS = YES;
				GCC_WARN_64_TO_32_BIT_CONVERSION = YES;
				GCC_WARN_ABOUT_RETURN_TYPE = YES_ERROR;
				GCC_WARN_UNDECLARED_SELECTOR = YES;
				GCC_WARN_UNINITIALIZED_AUTOS = YES_AGGRESSIVE;
				GCC_WARN_UNUSED_FUNCTION = YES;
				GCC_WARN_UNUSED_VARIABLE = YES;
				IPHONEOS_DEPLOYMENT_TARGET = 13.0;
				MTL_ENABLE_DEBUG_INFO = NO;
				MTL_FAST_MATH = YES;
				SDKROOT = iphoneos;
				SWIFT_COMPILATION_MODE = wholemodule;
				SWIFT_OPTIMIZATION_LEVEL = "-O";
				VALIDATE_PRODUCT = YES;
			};
			name = Release;
		};
		438C535025B3F5330092BE5B /* Debug */ = {
			isa = XCBuildConfiguration;
			baseConfigurationReference = 7065BAB5EF1DE9FA3117A52A /* Pods-travelme.debug.xcconfig */;
			buildSettings = {
				ASSETCATALOG_COMPILER_APPICON_NAME = AppIcon;
				ASSETCATALOG_COMPILER_GLOBAL_ACCENT_COLOR_NAME = AccentColor;
				CODE_SIGN_IDENTITY = "Apple Development";
				CODE_SIGN_STYLE = Automatic;
				DEVELOPMENT_TEAM = 3L6K4HK38N;
				INFOPLIST_FILE = travelme/Info.plist;
				LD_RUNPATH_SEARCH_PATHS = (
					"$(inherited)",
					"@executable_path/Frameworks",
				);
				PRODUCT_BUNDLE_IDENTIFIER = com.ios.travelme;
				PRODUCT_NAME = "$(TARGET_NAME)";
				PROVISIONING_PROFILE_SPECIFIER = "";
				SWIFT_VERSION = 5.0;
				TARGETED_DEVICE_FAMILY = "1,2";
			};
			name = Debug;
		};
		438C535125B3F5330092BE5B /* Release */ = {
			isa = XCBuildConfiguration;
			baseConfigurationReference = B25448AD651EE9C73EAB126F /* Pods-travelme.release.xcconfig */;
			buildSettings = {
				ASSETCATALOG_COMPILER_APPICON_NAME = AppIcon;
				ASSETCATALOG_COMPILER_GLOBAL_ACCENT_COLOR_NAME = AccentColor;
				CODE_SIGN_IDENTITY = "Apple Development";
				CODE_SIGN_STYLE = Automatic;
				DEVELOPMENT_TEAM = 3L6K4HK38N;
				INFOPLIST_FILE = travelme/Info.plist;
				LD_RUNPATH_SEARCH_PATHS = (
					"$(inherited)",
					"@executable_path/Frameworks",
				);
				PRODUCT_BUNDLE_IDENTIFIER = com.me.travelme;
				PRODUCT_NAME = "$(TARGET_NAME)";
				PROVISIONING_PROFILE_SPECIFIER = "";
				SWIFT_VERSION = 5.0;
				TARGETED_DEVICE_FAMILY = "1,2";
			};
			name = Release;
		};
		438C535325B3F5330092BE5B /* Debug */ = {
			isa = XCBuildConfiguration;
			baseConfigurationReference = 68BB503CD2FBA934E3659FBD /* Pods-travelmeTests.debug.xcconfig */;
			buildSettings = {
				ALWAYS_EMBED_SWIFT_STANDARD_LIBRARIES = YES;
				BUNDLE_LOADER = "$(TEST_HOST)";
				CODE_SIGN_STYLE = Automatic;
				INFOPLIST_FILE = travelmeTests/Info.plist;
				IPHONEOS_DEPLOYMENT_TARGET = 14.1;
				LD_RUNPATH_SEARCH_PATHS = (
					"$(inherited)",
					"@executable_path/Frameworks",
					"@loader_path/Frameworks",
				);
				PRODUCT_BUNDLE_IDENTIFIER = com.me.travelmeTests;
				PRODUCT_NAME = "$(TARGET_NAME)";
				SWIFT_VERSION = 5.0;
				TARGETED_DEVICE_FAMILY = "1,2";
				TEST_HOST = "$(BUILT_PRODUCTS_DIR)/travelme.app/travelme";
			};
			name = Debug;
		};
		438C535425B3F5330092BE5B /* Release */ = {
			isa = XCBuildConfiguration;
			baseConfigurationReference = CE74A79250D74A1AA1806D31 /* Pods-travelmeTests.release.xcconfig */;
			buildSettings = {
				ALWAYS_EMBED_SWIFT_STANDARD_LIBRARIES = YES;
				BUNDLE_LOADER = "$(TEST_HOST)";
				CODE_SIGN_STYLE = Automatic;
				INFOPLIST_FILE = travelmeTests/Info.plist;
				IPHONEOS_DEPLOYMENT_TARGET = 14.1;
				LD_RUNPATH_SEARCH_PATHS = (
					"$(inherited)",
					"@executable_path/Frameworks",
					"@loader_path/Frameworks",
				);
				PRODUCT_BUNDLE_IDENTIFIER = com.me.travelmeTests;
				PRODUCT_NAME = "$(TARGET_NAME)";
				SWIFT_VERSION = 5.0;
				TARGETED_DEVICE_FAMILY = "1,2";
				TEST_HOST = "$(BUILT_PRODUCTS_DIR)/travelme.app/travelme";
			};
			name = Release;
		};
		438C535625B3F5330092BE5B /* Debug */ = {
			isa = XCBuildConfiguration;
			baseConfigurationReference = 1F0BD7465F972C25626F79AC /* Pods-travelme-travelmeUITests.debug.xcconfig */;
			buildSettings = {
				ALWAYS_EMBED_SWIFT_STANDARD_LIBRARIES = YES;
				CODE_SIGN_STYLE = Automatic;
				INFOPLIST_FILE = travelmeUITests/Info.plist;
				LD_RUNPATH_SEARCH_PATHS = (
					"$(inherited)",
					"@executable_path/Frameworks",
					"@loader_path/Frameworks",
				);
				PRODUCT_BUNDLE_IDENTIFIER = com.me.travelmeUITests;
				PRODUCT_NAME = "$(TARGET_NAME)";
				SWIFT_VERSION = 5.0;
				TARGETED_DEVICE_FAMILY = "1,2";
				TEST_TARGET_NAME = travelme;
			};
			name = Debug;
		};
		438C535725B3F5330092BE5B /* Release */ = {
			isa = XCBuildConfiguration;
			baseConfigurationReference = 47FEB47C6DE421AEB8F06CC7 /* Pods-travelme-travelmeUITests.release.xcconfig */;
			buildSettings = {
				ALWAYS_EMBED_SWIFT_STANDARD_LIBRARIES = YES;
				CODE_SIGN_STYLE = Automatic;
				INFOPLIST_FILE = travelmeUITests/Info.plist;
				LD_RUNPATH_SEARCH_PATHS = (
					"$(inherited)",
					"@executable_path/Frameworks",
					"@loader_path/Frameworks",
				);
				PRODUCT_BUNDLE_IDENTIFIER = com.me.travelmeUITests;
				PRODUCT_NAME = "$(TARGET_NAME)";
				SWIFT_VERSION = 5.0;
				TARGETED_DEVICE_FAMILY = "1,2";
				TEST_TARGET_NAME = travelme;
			};
			name = Release;
		};
/* End XCBuildConfiguration section */

/* Begin XCConfigurationList section */
		438C532025B3F5300092BE5B /* Build configuration list for PBXProject "travelme" */ = {
			isa = XCConfigurationList;
			buildConfigurations = (
				438C534D25B3F5330092BE5B /* Debug */,
				438C534E25B3F5330092BE5B /* Release */,
			);
			defaultConfigurationIsVisible = 0;
			defaultConfigurationName = Release;
		};
		438C534F25B3F5330092BE5B /* Build configuration list for PBXNativeTarget "travelme" */ = {
			isa = XCConfigurationList;
			buildConfigurations = (
				438C535025B3F5330092BE5B /* Debug */,
				438C535125B3F5330092BE5B /* Release */,
			);
			defaultConfigurationIsVisible = 0;
			defaultConfigurationName = Release;
		};
		438C535225B3F5330092BE5B /* Build configuration list for PBXNativeTarget "travelmeTests" */ = {
			isa = XCConfigurationList;
			buildConfigurations = (
				438C535325B3F5330092BE5B /* Debug */,
				438C535425B3F5330092BE5B /* Release */,
			);
			defaultConfigurationIsVisible = 0;
			defaultConfigurationName = Release;
		};
		438C535525B3F5330092BE5B /* Build configuration list for PBXNativeTarget "travelmeUITests" */ = {
			isa = XCConfigurationList;
			buildConfigurations = (
				438C535625B3F5330092BE5B /* Debug */,
				438C535725B3F5330092BE5B /* Release */,
			);
			defaultConfigurationIsVisible = 0;
			defaultConfigurationName = Release;
		};
/* End XCConfigurationList section */
	};
	rootObject = 438C531D25B3F5300092BE5B /* Project object */;
}
